<?xml version="1.0" encoding="UTF-8"?>
<CodeBlocks_project_file>
	<FileVersion major="1" minor="6"/>
	<Project>
		<Option title="lab0"/>
		<Option makefile_is_custom="1"/>
		<Option compiler="clang"/>
		<Option virtualFolders="CMake Files\;"/>
		<Build>
			<Target title="all">
				<Option working_dir="/Users/mrphantom/Documents/NSU/2_курс/ooop/lab_1"/>
				<Option type="4"/>
				<MakeCommands>
					<Build command="/usr/bin/make -f &quot;/Users/mrphantom/Documents/NSU/2_курс/ooop/lab_1/Makefile&quot;  VERBOSE=1 all"/>
					<CompileFile command="/usr/bin/make -f &quot;/Users/mrphantom/Documents/NSU/2_курс/ooop/lab_1/Makefile&quot;  VERBOSE=1 &quot;$file&quot;"/>
					<Clean command="/usr/bin/make -f &quot;/Users/mrphantom/Documents/NSU/2_курс/ooop/lab_1/Makefile&quot;  VERBOSE=1 clean"/>
					<DistClean command="/usr/bin/make -f &quot;/Users/mrphantom/Documents/NSU/2_курс/ooop/lab_1/Makefile&quot;  VERBOSE=1 clean"/>
				</MakeCommands>
			</Target>
			<Target title="rebuild_cache">
				<Option working_dir="/Users/mrphantom/Documents/NSU/2_курс/ooop/lab_1"/>
				<Option type="4"/>
				<MakeCommands>
					<Build command="/usr/bin/make -f &quot;/Users/mrphantom/Documents/NSU/2_курс/ooop/lab_1/Makefile&quot;  VERBOSE=1 rebuild_cache"/>
					<CompileFile command="/usr/bin/make -f &quot;/Users/mrphantom/Documents/NSU/2_курс/ooop/lab_1/Makefile&quot;  VERBOSE=1 &quot;$file&quot;"/>
					<Clean command="/usr/bin/make -f &quot;/Users/mrphantom/Documents/NSU/2_курс/ooop/lab_1/Makefile&quot;  VERBOSE=1 clean"/>
					<DistClean command="/usr/bin/make -f &quot;/Users/mrphantom/Documents/NSU/2_курс/ooop/lab_1/Makefile&quot;  VERBOSE=1 clean"/>
				</MakeCommands>
			</Target>
			<Target title="edit_cache">
				<Option working_dir="/Users/mrphantom/Documents/NSU/2_курс/ooop/lab_1"/>
				<Option type="4"/>
				<MakeCommands>
					<Build command="/usr/bin/make -f &quot;/Users/mrphantom/Documents/NSU/2_курс/ooop/lab_1/Makefile&quot;  VERBOSE=1 edit_cache"/>
					<CompileFile command="/usr/bin/make -f &quot;/Users/mrphantom/Documents/NSU/2_курс/ooop/lab_1/Makefile&quot;  VERBOSE=1 &quot;$file&quot;"/>
					<Clean command="/usr/bin/make -f &quot;/Users/mrphantom/Documents/NSU/2_курс/ooop/lab_1/Makefile&quot;  VERBOSE=1 clean"/>
					<DistClean command="/usr/bin/make -f &quot;/Users/mrphantom/Documents/NSU/2_курс/ooop/lab_1/Makefile&quot;  VERBOSE=1 clean"/>
				</MakeCommands>
			</Target>
			<Target title="lab0">
				<Option output="/Users/mrphantom/Documents/NSU/2_курс/ooop/lab_1/lab0" prefix_auto="0" extension_auto="0"/>
				<Option working_dir="/Users/mrphantom/Documents/NSU/2_курс/ooop/lab_1"/>
				<Option object_output="./"/>
				<Option type="1"/>
				<Option compiler="clang"/>
				<Compiler/>
				<MakeCommands>
					<Build command="/usr/bin/make -f &quot;/Users/mrphantom/Documents/NSU/2_курс/ooop/lab_1/Makefile&quot;  VERBOSE=1 lab0"/>
					<CompileFile command="/usr/bin/make -f &quot;/Users/mrphantom/Documents/NSU/2_курс/ooop/lab_1/Makefile&quot;  VERBOSE=1 &quot;$file&quot;"/>
					<Clean command="/usr/bin/make -f &quot;/Users/mrphantom/Documents/NSU/2_курс/ooop/lab_1/Makefile&quot;  VERBOSE=1 clean"/>
					<DistClean command="/usr/bin/make -f &quot;/Users/mrphantom/Documents/NSU/2_курс/ooop/lab_1/Makefile&quot;  VERBOSE=1 clean"/>
				</MakeCommands>
			</Target>
			<Target title="lab0/fast">
				<Option output="/Users/mrphantom/Documents/NSU/2_курс/ooop/lab_1/lab0" prefix_auto="0" extension_auto="0"/>
				<Option working_dir="/Users/mrphantom/Documents/NSU/2_курс/ooop/lab_1"/>
				<Option object_output="./"/>
				<Option type="1"/>
				<Option compiler="clang"/>
				<Compiler/>
				<MakeCommands>
					<Build command="/usr/bin/make -f &quot;/Users/mrphantom/Documents/NSU/2_курс/ooop/lab_1/Makefile&quot;  VERBOSE=1 lab0/fast"/>
					<CompileFile command="/usr/bin/make -f &quot;/Users/mrphantom/Documents/NSU/2_курс/ooop/lab_1/Makefile&quot;  VERBOSE=1 &quot;$file&quot;"/>
					<Clean command="/usr/bin/make -f &quot;/Users/mrphantom/Documents/NSU/2_курс/ooop/lab_1/Makefile&quot;  VERBOSE=1 clean"/>
					<DistClean command="/usr/bin/make -f &quot;/Users/mrphantom/Documents/NSU/2_курс/ooop/lab_1/Makefile&quot;  VERBOSE=1 clean"/>
				</MakeCommands>
			</Target>
		</Build>
		<Unit filename="/Users/mrphantom/Documents/NSU/2_курс/ooop/lab_1/main.cpp">
			<Option target="lab0"/>
		</Unit>
		<Unit filename="/Users/mrphantom/Documents/NSU/2_курс/ooop/lab_1/word_count.cpp">
			<Option target="lab0"/>
		</Unit>
		<Unit filename="/Users/mrphantom/Documents/NSU/2_курс/ooop/lab_1/word_count.h">
			<Option target="lab0"/>
		</Unit>
		<Unit filename="/Users/mrphantom/Documents/NSU/2_курс/ooop/lab_1/CMakeLists.txt">
			<Option virtualFolder="CMake Files\"/>
		</Unit>
	</Project>
</CodeBlocks_project_file>
